
Microsoft Visual Studio Solution File, Format Version 12.00
# Visual Studio 15
VisualStudioVersion = 15.0.28307.705
MinimumVisualStudioVersion = 10.0.40219.1
Project("{9A19103F-16F7-4668-BE54-9A1E7A4F7556}") = "MicroSys.Api.Products", "MicroSys.Api.Products\MicroSys.Api.Products.csproj", "{1E170B8C-9A3E-4CD0-8A73-B0EFE1DC50B3}"
EndProject
Project("{9A19103F-16F7-4668-BE54-9A1E7A4F7556}") = "MicroSys.Api.Search", "MicroSys.Api.Search\MicroSys.Api.Search.csproj", "{9E140BB9-8D35-44CF-9F3D-BCF3C2591533}"
EndProject
Project("{9A19103F-16F7-4668-BE54-9A1E7A4F7556}") = "MicroSys.Api.Orders", "MicroSys.Api.Orders\MicroSys.Api.Orders.csproj", "{B597786D-EF3D-4BA3-8E65-FC91CDED806F}"
EndProject
Project("{9A19103F-16F7-4668-BE54-9A1E7A4F7556}") = "MicroSys.Api.Customers", "MicroSys.Api.Customers\MicroSys.Api.Customers.csproj", "{EB772E98-8B9E-4479-9460-ADE00F7E2560}"
EndProject
Project("{FAE04EC0-301F-11D3-BF4B-00C04F79EFBC}") = "MicroSys.Api.Search.Tests", "MicroSys.Api.Search.Tests\MicroSys.Api.Search.Tests.csproj", "{4F2883D6-B7B4-48F2-9523-1EC7DCB8CBD9}"
EndProject
Global
	GlobalSection(SolutionConfigurationPlatforms) = preSolution
		Debug|Any CPU = Debug|Any CPU
		Release|Any CPU = Release|Any CPU
	EndGlobalSection
	GlobalSection(ProjectConfigurationPlatforms) = postSolution
		{1E170B8C-9A3E-4CD0-8A73-B0EFE1DC50B3}.Debug|Any CPU.ActiveCfg = Debug|Any CPU
		{1E170B8C-9A3E-4CD0-8A73-B0EFE1DC50B3}.Debug|Any CPU.Build.0 = Debug|Any CPU
		{1E170B8C-9A3E-4CD0-8A73-B0EFE1DC50B3}.Release|Any CPU.ActiveCfg = Release|Any CPU
		{1E170B8C-9A3E-4CD0-8A73-B0EFE1DC50B3}.Release|Any CPU.Build.0 = Release|Any CPU
		{9E140BB9-8D35-44CF-9F3D-BCF3C2591533}.Debug|Any CPU.ActiveCfg = Debug|Any CPU
		{9E140BB9-8D35-44CF-9F3D-BCF3C2591533}.Debug|Any CPU.Build.0 = Debug|Any CPU
		{9E140BB9-8D35-44CF-9F3D-BCF3C2591533}.Release|Any CPU.ActiveCfg = Release|Any CPU
		{9E140BB9-8D35-44CF-9F3D-BCF3C2591533}.Release|Any CPU.Build.0 = Release|Any CPU
		{B597786D-EF3D-4BA3-8E65-FC91CDED806F}.Debug|Any CPU.ActiveCfg = Debug|Any CPU
		{B597786D-EF3D-4BA3-8E65-FC91CDED806F}.Debug|Any CPU.Build.0 = Debug|Any CPU
		{B597786D-EF3D-4BA3-8E65-FC91CDED806F}.Release|Any CPU.ActiveCfg = Release|Any CPU
		{B597786D-EF3D-4BA3-8E65-FC91CDED806F}.Release|Any CPU.Build.0 = Release|Any CPU
		{EB772E98-8B9E-4479-9460-ADE00F7E2560}.Debug|Any CPU.ActiveCfg = Debug|Any CPU
		{EB772E98-8B9E-4479-9460-ADE00F7E2560}.Debug|Any CPU.Build.0 = Debug|Any CPU
		{EB772E98-8B9E-4479-9460-ADE00F7E2560}.Release|Any CPU.ActiveCfg = Release|Any CPU
		{EB772E98-8B9E-4479-9460-ADE00F7E2560}.Release|Any CPU.Build.0 = Release|Any CPU
		{4F2883D6-B7B4-48F2-9523-1EC7DCB8CBD9}.Debug|Any CPU.ActiveCfg = Debug|Any CPU
		{4F2883D6-B7B4-48F2-9523-1EC7DCB8CBD9}.Debug|Any CPU.Build.0 = Debug|Any CPU
		{4F2883D6-B7B4-48F2-9523-1EC7DCB8CBD9}.Release|Any CPU.ActiveCfg = Release|Any CPU
		{4F2883D6-B7B4-48F2-9523-1EC7DCB8CBD9}.Release|Any CPU.Build.0 = Release|Any CPU
	EndGlobalSection
	GlobalSection(SolutionProperties) = preSolution
		HideSolutionNode = FALSE
	EndGlobalSection
	GlobalSection(ExtensibilityGlobals) = postSolution
		SolutionGuid = {B667C6CA-6D12-4539-9306-118ABF89C0B3}
	EndGlobalSection
EndGlobal
